
Microsoft Visual Studio Solution File, Format Version 12.00
# Visual Studio Version 17
VisualStudioVersion = 17.12.35707.178 d17.12
MinimumVisualStudioVersion = 10.0.40219.1
Project("{FAE04EC0-301F-11D3-BF4B-00C04F79EFBC}") = "BloodBridge", "BloodBridge.csproj", "{70C367E8-08D9-49C8-AE57-7D495EBF2DBE}"
EndProject
Global
	GlobalSection(SolutionConfigurationPlatforms) = preSolution
		Debug|Any CPU = Debug|Any CPU
		Release|Any CPU = Release|Any CPU
	EndGlobalSection
	GlobalSection(ProjectConfigurationPlatforms) = postSolution
		{70C367E8-08D9-49C8-AE57-7D495EBF2DBE}.Debug|Any CPU.ActiveCfg = Debug|Any CPU
		{70C367E8-08D9-49C8-AE57-7D495EBF2DBE}.Debug|Any CPU.Build.0 = Debug|Any CPU
		{70C367E8-08D9-49C8-AE57-7D495EBF2DBE}.Release|Any CPU.ActiveCfg = Release|Any CPU
		{70C367E8-08D9-49C8-AE57-7D495EBF2DBE}.Release|Any CPU.Build.0 = Release|Any CPU
	EndGlobalSection
	GlobalSection(SolutionProperties) = preSolution
		HideSolutionNode = FALSE
	EndGlobalSection
EndGlobal
