{
  "name": "BloodBridge",
  "lockfileVersion": 3,
  "requires": true,
  "packages": {
    "": {
      "dependencies": {
        "b": "^2.0.1"
      }
    },
    "node_modules/b": {
      "version": "2.0.1",
      "resolved": "https://registry.npmjs.org/b/-/b-2.0.1.tgz",
      "integrity": "sha512-JBWAj6f91ocNLbdg1jCGrxHXSWbQDsxgqVmKeO0TellEcq9LCvJ97iWG6p3otCt/v08/hHrWwAB9vNYS9y70IQ==",
      "engines": {
        "node": ">= 0.8.0"
      }
    }
  }
}
